
Microsoft Visual Studio Solution File, Format Version 12.00
# Visual Studio Version 16
VisualStudioVersion = 16.0.30320.27
MinimumVisualStudioVersion = 10.0.40219.1
Project("{FAE04EC0-301F-11D3-BF4B-00C04F79EFBC}") = "S0001_CUI_SingletonDemo", "S0001_ConsoleUA\S0001_CUI_SingletonDemo.csproj", "{C9250E19-D6A1-47D0-AC67-FB9908007D0D}"
EndProject
Project("{FAE04EC0-301F-11D3-BF4B-00C04F79EFBC}") = "S0001_BlazorServer_SingletonDemo", "S0001_BlazorServer_SingletonDemo\S0001_BlazorServer_SingletonDemo.csproj", "{0A2F644E-F6EB-4BA6-A6A4-4F0131AC15F3}"
EndProject
Project("{FAE04EC0-301F-11D3-BF4B-00C04F79EFBC}") = "S0002_DN_Singleton", "S0002_DN_Singleton\S0002_DN_Singleton.csproj", "{8EFB6F02-7EC5-4CC7-91B4-9110EBC64157}"
EndProject
Global
	GlobalSection(SolutionConfigurationPlatforms) = preSolution
		Debug|Any CPU = Debug|Any CPU
		Release|Any CPU = Release|Any CPU
	EndGlobalSection
	GlobalSection(ProjectConfigurationPlatforms) = postSolution
		{C9250E19-D6A1-47D0-AC67-FB9908007D0D}.Debug|Any CPU.ActiveCfg = Debug|Any CPU
		{C9250E19-D6A1-47D0-AC67-FB9908007D0D}.Debug|Any CPU.Build.0 = Debug|Any CPU
		{C9250E19-D6A1-47D0-AC67-FB9908007D0D}.Release|Any CPU.ActiveCfg = Release|Any CPU
		{C9250E19-D6A1-47D0-AC67-FB9908007D0D}.Release|Any CPU.Build.0 = Release|Any CPU
		{0A2F644E-F6EB-4BA6-A6A4-4F0131AC15F3}.Debug|Any CPU.ActiveCfg = Debug|Any CPU
		{0A2F644E-F6EB-4BA6-A6A4-4F0131AC15F3}.Debug|Any CPU.Build.0 = Debug|Any CPU
		{0A2F644E-F6EB-4BA6-A6A4-4F0131AC15F3}.Release|Any CPU.ActiveCfg = Release|Any CPU
		{0A2F644E-F6EB-4BA6-A6A4-4F0131AC15F3}.Release|Any CPU.Build.0 = Release|Any CPU
		{8EFB6F02-7EC5-4CC7-91B4-9110EBC64157}.Debug|Any CPU.ActiveCfg = Debug|Any CPU
		{8EFB6F02-7EC5-4CC7-91B4-9110EBC64157}.Debug|Any CPU.Build.0 = Debug|Any CPU
		{8EFB6F02-7EC5-4CC7-91B4-9110EBC64157}.Release|Any CPU.ActiveCfg = Release|Any CPU
		{8EFB6F02-7EC5-4CC7-91B4-9110EBC64157}.Release|Any CPU.Build.0 = Release|Any CPU
	EndGlobalSection
	GlobalSection(SolutionProperties) = preSolution
		HideSolutionNode = FALSE
	EndGlobalSection
	GlobalSection(ExtensibilityGlobals) = postSolution
		SolutionGuid = {6DF2B630-B289-42F7-81BB-1F50F9B010FA}
	EndGlobalSection
EndGlobal
